<?xml version="1.0" encoding="utf-8"?>
<Project ToolsVersion="4.0" xmlns="http://schemas.microsoft.com/developer/msbuild/2003">
  <ItemGroup>
    <Filter Include="Source">
      <UniqueIdentifier>{4FC737F1-C7A5-4376-A066-2A32D752A2FF}</UniqueIdentifier>
      <Extensions>cpp;c;cc;cxx;c++;cppm;ixx;def;odl;idl;hpj;bat;asm;asmx</Extensions>
    </Filter>
    <Filter Include="Include">
      <UniqueIdentifier>{93995380-89BD-4b04-88EB-625FBE52EBFB}</UniqueIdentifier>
      <Extensions>h;hh;hpp;hxx;h++;hm;inl;inc;ipp;xsd</Extensions>
    </Filter>
    <Filter Include="Include\Graphics">
      <UniqueIdentifier>{89f25507-ba21-4db1-9181-b65cd4cf7424}</UniqueIdentifier>
    </Filter>
    <Filter Include="Include\Graphics\DX12">
      <UniqueIdentifier>{d64fd695-38fa-4896-a3e2-3477ba97807b}</UniqueIdentifier>
    </Filter>
  </ItemGroup>
  <ItemGroup>
    <ClInclude Include="Include\PCH.h">
      <Filter>Include</Filter>
    </ClInclude>
    <ClInclude Include="Include\Graphics\Mesh.h">
      <Filter>Include\Graphics</Filter>
    </ClInclude>
    <ClInclude Include="Include\Graphics\DX12\DX12MeshLoader.h">
      <Filter>Include\Graphics\DX12</Filter>
    </ClInclude>
    <ClInclude Include="Include\Graphics\DX12\DX12Renderer.h">
      <Filter>Include\Graphics\DX12</Filter>
    </ClInclude>
  </ItemGroup>
  <ItemGroup>
    <ClCompile Include="Source\DX12MeshLoader.cpp">
      <Filter>Source</Filter>
    </ClCompile>
    <ClCompile Include="Source\DX12Renderer.cpp">
      <Filter>Source</Filter>
    </ClCompile>
    <ClCompile Include="Source\main.cpp">
      <Filter>Source</Filter>
    </ClCompile>
    <ClCompile Include="Source\Mesh.cpp">
      <Filter>Source</Filter>
    </ClCompile>
    <ClCompile Include="Source\pch.cpp">
      <Filter>Source</Filter>
    </ClCompile>
  </ItemGroup>
</Project>